// !$*UTF8*$!
{
	archiveVersion = 1;
	classes = {
	};
	objectVersion = 46;
	objects = {

/* Begin PBXBuildFile section */
		3D44AC6D1B661F0C009BCA22 /* AppDelegate.swift in Sources */ = {isa = PBXBuildFile; fileRef = 3D44AC6C1B661F0C009BCA22 /* AppDelegate.swift */; };
		3D44AC6F1B661F0C009BCA22 /* PsychologistViewController.swift in Sources */ = {isa = PBXBuildFile; fileRef = 3D44AC6E1B661F0C009BCA22 /* PsychologistViewController.swift */; };
		3D44AC721B661F0C009BCA22 /* Main.storyboard in Resources */ = {isa = PBXBuildFile; fileRef = 3D44AC701B661F0C009BCA22 /* Main.storyboard */; };
		3D44AC741B661F0C009BCA22 /* Images.xcassets in Resources */ = {isa = PBXBuildFile; fileRef = 3D44AC731B661F0C009BCA22 /* Images.xcassets */; };
		3D44AC771B661F0C009BCA22 /* LaunchScreen.xib in Resources */ = {isa = PBXBuildFile; fileRef = 3D44AC751B661F0C009BCA22 /* LaunchScreen.xib */; };
		3D44AC831B661F0D009BCA22 /* PsychologistTests.swift in Sources */ = {isa = PBXBuildFile; fileRef = 3D44AC821B661F0D009BCA22 /* PsychologistTests.swift */; };
		3D44AC8E1B66266D009BCA22 /* FaceView.swift in Sources */ = {isa = PBXBuildFile; fileRef = 3D44AC8C1B66266D009BCA22 /* FaceView.swift */; };
		3D44AC8F1B66266D009BCA22 /* HappinessViewController.swift in Sources */ = {isa = PBXBuildFile; fileRef = 3D44AC8D1B66266D009BCA22 /* HappinessViewController.swift */; };
		3D44AC911B66BFE8009BCA22 /* TextViewController.swift in Sources */ = {isa = PBXBuildFile; fileRef = 3D44AC901B66BFE8009BCA22 /* TextViewController.swift */; };
		3D44AC931B66C17F009BCA22 /* DiagnosedHappinessViewController.swift in Sources */ = {isa = PBXBuildFile; fileRef = 3D44AC921B66C17F009BCA22 /* DiagnosedHappinessViewController.swift */; };
/* End PBXBuildFile section */

/* Begin PBXContainerItemProxy section */
		3D44AC7D1B661F0D009BCA22 /* PBXContainerItemProxy */ = {
			isa = PBXContainerItemProxy;
			containerPortal = 3D44AC5F1B661F0C009BCA22 /* Project object */;
			proxyType = 1;
			remoteGlobalIDString = 3D44AC661B661F0C009BCA22;
			remoteInfo = Psychologist;
		};
/* End PBXContainerItemProxy section */

/* Begin PBXFileReference section */
		3D44AC671B661F0C009BCA22 /* Psychologist.app */ = {isa = PBXFileReference; explicitFileType = wrapper.application; includeInIndex = 0; path = Psychologist.app; sourceTree = BUILT_PRODUCTS_DIR; };
		3D44AC6B1B661F0C009BCA22 /* Info.plist */ = {isa = PBXFileReference; lastKnownFileType = text.plist.xml; path = Info.plist; sourceTree = "<group>"; };
		3D44AC6C1B661F0C009BCA22 /* AppDelegate.swift */ = {isa = PBXFileReference; lastKnownFileType = sourcecode.swift; path = AppDelegate.swift; sourceTree = "<group>"; };
		3D44AC6E1B661F0C009BCA22 /* PsychologistViewController.swift */ = {isa = PBXFileReference; lastKnownFileType = sourcecode.swift; path = PsychologistViewController.swift; sourceTree = "<group>"; };
		3D44AC711B661F0C009BCA22 /* Base */ = {isa = PBXFileReference; lastKnownFileType = file.storyboard; name = Base; path = Base.lproj/Main.storyboard; sourceTree = "<group>"; };
		3D44AC731B661F0C009BCA22 /* Images.xcassets */ = {isa = PBXFileReference; lastKnownFileType = folder.assetcatalog; path = Images.xcassets; sourceTree = "<group>"; };
		3D44AC761B661F0C009BCA22 /* Base */ = {isa = PBXFileReference; lastKnownFileType = file.xib; name = Base; path = Base.lproj/LaunchScreen.xib; sourceTree = "<group>"; };
		3D44AC7C1B661F0D009BCA22 /* PsychologistTests.xctest */ = {isa = PBXFileReference; explicitFileType = wrapper.cfbundle; includeInIndex = 0; path = PsychologistTests.xctest; sourceTree = BUILT_PRODUCTS_DIR; };
		3D44AC811B661F0D009BCA22 /* Info.plist */ = {isa = PBXFileReference; lastKnownFileType = text.plist.xml; path = Info.plist; sourceTree = "<group>"; };
		3D44AC821B661F0D009BCA22 /* PsychologistTests.swift */ = {isa = PBXFileReference; lastKnownFileType = sourcecode.swift; path = PsychologistTests.swift; sourceTree = "<group>"; };
		3D44AC8C1B66266D009BCA22 /* FaceView.swift */ = {isa = PBXFileReference; fileEncoding = 4; lastKnownFileType = sourcecode.swift; path = FaceView.swift; sourceTree = "<group>"; };
		3D44AC8D1B66266D009BCA22 /* HappinessViewController.swift */ = {isa = PBXFileReference; fileEncoding = 4; lastKnownFileType = sourcecode.swift; path = HappinessViewController.swift; sourceTree = "<group>"; };
		3D44AC901B66BFE8009BCA22 /* TextViewController.swift */ = {isa = PBXFileReference; fileEncoding = 4; lastKnownFileType = sourcecode.swift; path = TextViewController.swift; sourceTree = "<group>"; };
		3D44AC921B66C17F009BCA22 /* DiagnosedHappinessViewController.swift */ = {isa = PBXFileReference; fileEncoding = 4; lastKnownFileType = sourcecode.swift; path = DiagnosedHappinessViewController.swift; sourceTree = "<group>"; };
/* End PBXFileReference section */

/* Begin PBXFrameworksBuildPhase section */
		3D44AC641B661F0C009BCA22 /* Frameworks */ = {
			isa = PBXFrameworksBuildPhase;
			buildActionMask = 2147483647;
			files = (
			);
			runOnlyForDeploymentPostprocessing = 0;
		};
		3D44AC791B661F0D009BCA22 /* Frameworks */ = {
			isa = PBXFrameworksBuildPhase;
			buildActionMask = 2147483647;
			files = (
			);
			runOnlyForDeploymentPostprocessing = 0;
		};
/* End PBXFrameworksBuildPhase section */

/* Begin PBXGroup section */
		3D44AC5E1B661F0C009BCA22 = {
			isa = PBXGroup;
			children = (
				3D44AC691B661F0C009BCA22 /* Psychologist */,
				3D44AC7F1B661F0D009BCA22 /* PsychologistTests */,
				3D44AC681B661F0C009BCA22 /* Products */,
			);
			sourceTree = "<group>";
		};
		3D44AC681B661F0C009BCA22 /* Products */ = {
			isa = PBXGroup;
			children = (
				3D44AC671B661F0C009BCA22 /* Psychologist.app */,
				3D44AC7C1B661F0D009BCA22 /* PsychologistTests.xctest */,
			);
			name = Products;
			sourceTree = "<group>";
		};
		3D44AC691B661F0C009BCA22 /* Psychologist */ = {
			isa = PBXGroup;
			children = (
				3D44AC6E1B661F0C009BCA22 /* PsychologistViewController.swift */,
				3D44AC701B661F0C009BCA22 /* Main.storyboard */,
				3D44AC921B66C17F009BCA22 /* DiagnosedHappinessViewController.swift */,
				3D44AC8C1B66266D009BCA22 /* FaceView.swift */,
				3D44AC8D1B66266D009BCA22 /* HappinessViewController.swift */,
				3D44AC6A1B661F0C009BCA22 /* Supporting Files */,
				3D44AC901B66BFE8009BCA22 /* TextViewController.swift */,
			);
			path = Psychologist;
			sourceTree = "<group>";
		};
		3D44AC6A1B661F0C009BCA22 /* Supporting Files */ = {
			isa = PBXGroup;
			children = (
				3D44AC6C1B661F0C009BCA22 /* AppDelegate.swift */,
				3D44AC751B661F0C009BCA22 /* LaunchScreen.xib */,
				3D44AC731B661F0C009BCA22 /* Images.xcassets */,
				3D44AC6B1B661F0C009BCA22 /* Info.plist */,
			);
			name = "Supporting Files";
			sourceTree = "<group>";
		};
		3D44AC7F1B661F0D009BCA22 /* PsychologistTests */ = {
			isa = PBXGroup;
			children = (
				3D44AC821B661F0D009BCA22 /* PsychologistTests.swift */,
				3D44AC801B661F0D009BCA22 /* Supporting Files */,
			);
			path = PsychologistTests;
			sourceTree = "<group>";
		};
		3D44AC801B661F0D009BCA22 /* Supporting Files */ = {
			isa = PBXGroup;
			children = (
				3D44AC811B661F0D009BCA22 /* Info.plist */,
			);
			name = "Supporting Files";
			sourceTree = "<group>";
		};
/* End PBXGroup section */

/* Begin PBXNativeTarget section */
		3D44AC661B661F0C009BCA22 /* Psychologist */ = {
			isa = PBXNativeTarget;
			buildConfigurationList = 3D44AC861B661F0D009BCA22 /* Build configuration list for PBXNativeTarget "Psychologist" */;
			buildPhases = (
				3D44AC631B661F0C009BCA22 /* Sources */,
				3D44AC641B661F0C009BCA22 /* Frameworks */,
				3D44AC651B661F0C009BCA22 /* Resources */,
			);
			buildRules = (
			);
			dependencies = (
			);
			name = Psychologist;
			productName = Psychologist;
			productReference = 3D44AC671B661F0C009BCA22 /* Psychologist.app */;
			productType = "com.apple.product-type.application";
		};
		3D44AC7B1B661F0D009BCA22 /* PsychologistTests */ = {
			isa = PBXNativeTarget;
			buildConfigurationList = 3D44AC891B661F0D009BCA22 /* Build configuration list for PBXNativeTarget "PsychologistTests" */;
			buildPhases = (
				3D44AC781B661F0D009BCA22 /* Sources */,
				3D44AC791B661F0D009BCA22 /* Frameworks */,
				3D44AC7A1B661F0D009BCA22 /* Resources */,
			);
			buildRules = (
			);
			dependencies = (
				3D44AC7E1B661F0D009BCA22 /* PBXTargetDependency */,
			);
			name = PsychologistTests;
			productName = PsychologistTests;
			productReference = 3D44AC7C1B661F0D009BCA22 /* PsychologistTests.xctest */;
			productType = "com.apple.product-type.bundle.unit-test";
		};
/* End PBXNativeTarget section */

/* Begin PBXProject section */
		3D44AC5F1B661F0C009BCA22 /* Project object */ = {
			isa = PBXProject;
			attributes = {
				LastUpgradeCheck = 0640;
				ORGANIZATIONNAME = "Alexey Tsymlov";
				TargetAttributes = {
					3D44AC661B661F0C009BCA22 = {
						CreatedOnToolsVersion = 6.4;
					};
					3D44AC7B1B661F0D009BCA22 = {
						CreatedOnToolsVersion = 6.4;
						TestTargetID = 3D44AC661B661F0C009BCA22;
					};
				};
			};
			buildConfigurationList = 3D44AC621B661F0C009BCA22 /* Build configuration list for PBXProject "Psychologist" */;
			compatibilityVersion = "Xcode 3.2";
			developmentRegion = English;
			hasScannedForEncodings = 0;
			knownRegions = (
				en,
				Base,
			);
			mainGroup = 3D44AC5E1B661F0C009BCA22;
			productRefGroup = 3D44AC681B661F0C009BCA22 /* Products */;
			projectDirPath = "";
			projectRoot = "";
			targets = (
				3D44AC661B661F0C009BCA22 /* Psychologist */,
				3D44AC7B1B661F0D009BCA22 /* PsychologistTests */,
			);
		};
/* End PBXProject section */

/* Begin PBXResourcesBuildPhase section */
		3D44AC651B661F0C009BCA22 /* Resources */ = {
			isa = PBXResourcesBuildPhase;
			buildActionMask = 2147483647;
			files = (
				3D44AC721B661F0C009BCA22 /* Main.storyboard in Resources */,
				3D44AC771B661F0C009BCA22 /* LaunchScreen.xib in Resources */,
				3D44AC741B661F0C009BCA22 /* Images.xcassets in Resources */,
			);
			runOnlyForDeploymentPostprocessing = 0;
		};
		3D44AC7A1B661F0D009BCA22 /* Resources */ = {
			isa = PBXResourcesBuildPhase;
			buildActionMask = 2147483647;
			files = (
			);
			runOnlyForDeploymentPostprocessing = 0;
		};
/* End PBXResourcesBuildPhase section */

/* Begin PBXSourcesBuildPhase section */
		3D44AC631B661F0C009BCA22 /* Sources */ = {
			isa = PBXSourcesBuildPhase;
			buildActionMask = 2147483647;
			files = (
				3D44AC911B66BFE8009BCA22 /* TextViewController.swift in Sources */,
				3D44AC6F1B661F0C009BCA22 /* PsychologistViewController.swift in Sources */,
				3D44AC6D1B661F0C009BCA22 /* AppDelegate.swift in Sources */,
				3D44AC931B66C17F009BCA22 /* DiagnosedHappinessViewController.swift in Sources */,
				3D44AC8F1B66266D009BCA22 /* HappinessViewController.swift in Sources */,
				3D44AC8E1B66266D009BCA22 /* FaceView.swift in Sources */,
			);
			runOnlyForDeploymentPostprocessing = 0;
		};
		3D44AC781B661F0D009BCA22 /* Sources */ = {
			isa = PBXSourcesBuildPhase;
			buildActionMask = 2147483647;
			files = (
				3D44AC831B661F0D009BCA22 /* PsychologistTests.swift in Sources */,
			);
			runOnlyForDeploymentPostprocessing = 0;
		};
/* End PBXSourcesBuildPhase section */

/* Begin PBXTargetDependency section */
		3D44AC7E1B661F0D009BCA22 /* PBXTargetDependency */ = {
			isa = PBXTargetDependency;
			target = 3D44AC661B661F0C009BCA22 /* Psychologist */;
			targetProxy = 3D44AC7D1B661F0D009BCA22 /* PBXContainerItemProxy */;
		};
/* End PBXTargetDependency section */

/* Begin PBXVariantGroup section */
		3D44AC701B661F0C009BCA22 /* Main.storyboard */ = {
			isa = PBXVariantGroup;
			children = (
				3D44AC711B661F0C009BCA22 /* Base */,
			);
			name = Main.storyboard;
			sourceTree = "<group>";
		};
		3D44AC751B661F0C009BCA22 /* LaunchScreen.xib */ = {
			isa = PBXVariantGroup;
			children = (
				3D44AC761B661F0C009BCA22 /* Base */,
			);
			name = LaunchScreen.xib;
			sourceTree = "<group>";
		};
/* End PBXVariantGroup section */

/* Begin XCBuildConfiguration section */
		3D44AC841B661F0D009BCA22 /* Debug */ = {
			isa = XCBuildConfiguration;
			buildSettings = {
				ALWAYS_SEARCH_USER_PATHS = NO;
				CLANG_CXX_LANGUAGE_STANDARD = "gnu++0x";
				CLANG_CXX_LIBRARY = "libc++";
				CLANG_ENABLE_MODULES = YES;
				CLANG_ENABLE_OBJC_ARC = YES;
				CLANG_WARN_BOOL_CONVERSION = YES;
				CLANG_WARN_CONSTANT_CONVERSION = YES;
				CLANG_WARN_DIRECT_OBJC_ISA_USAGE = YES_ERROR;
				CLANG_WARN_EMPTY_BODY = YES;
				CLANG_WARN_ENUM_CONVERSION = YES;
				CLANG_WARN_INT_CONVERSION = YES;
				CLANG_WARN_OBJC_ROOT_CLASS = YES_ERROR;
				CLANG_WARN_UNREACHABLE_CODE = YES;
				CLANG_WARN__DUPLICATE_METHOD_MATCH = YES;
				"CODE_SIGN_IDENTITY[sdk=iphoneos*]" = "iPhone Developer";
				COPY_PHASE_STRIP = NO;
				DEBUG_INFORMATION_FORMAT = "dwarf-with-dsym";
				ENABLE_STRICT_OBJC_MSGSEND = YES;
				GCC_C_LANGUAGE_STANDARD = gnu99;
				GCC_DYNAMIC_NO_PIC = NO;
				GCC_NO_COMMON_BLOCKS = YES;
				GCC_OPTIMIZATION_LEVEL = 0;
				GCC_PREPROCESSOR_DEFINITIONS = (
					"DEBUG=1",
					"$(inherited)",
				);
				GCC_SYMBOLS_PRIVATE_EXTERN = NO;
				GCC_WARN_64_TO_32_BIT_CONVERSION = YES;
				GCC_WARN_ABOUT_RETURN_TYPE = YES_ERROR;
				GCC_WARN_UNDECLARED_SELECTOR = YES;
				GCC_WARN_UNINITIALIZED_AUTOS = YES_AGGRESSIVE;
				GCC_WARN_UNUSED_FUNCTION = YES;
				GCC_WARN_UNUSED_VARIABLE = YES;
				IPHONEOS_DEPLOYMENT_TARGET = 8.4;
				MTL_ENABLE_DEBUG_INFO = YES;
				ONLY_ACTIVE_ARCH = YES;
				SDKROOT = iphoneos;
				SWIFT_OPTIMIZATION_LEVEL = "-Onone";
			};
			name = Debug;
		};
		3D44AC851B661F0D009BCA22 /* Release */ = {
			isa = XCBuildConfiguration;
			buildSettings = {
				ALWAYS_SEARCH_USER_PATHS = NO;
				CLANG_CXX_LANGUAGE_STANDARD = "gnu++0x";
				CLANG_CXX_LIBRARY = "libc++";
				CLANG_ENABLE_MODULES = YES;
				CLANG_ENABLE_OBJC_ARC = YES;
				CLANG_WARN_BOOL_CONVERSION = YES;
				CLANG_WARN_CONSTANT_CONVERSION = YES;
				CLANG_WARN_DIRECT_OBJC_ISA_USAGE = YES_ERROR;
				CLANG_WARN_EMPTY_BODY = YES;
				CLANG_WARN_ENUM_CONVERSION = YES;
				CLANG_WARN_INT_CONVERSION = YES;
				CLANG_WARN_OBJC_ROOT_CLASS = YES_ERROR;
				CLANG_WARN_UNREACHABLE_CODE = YES;
				CLANG_WARN__DUPLICATE_METHOD_MATCH = YES;
				"CODE_SIGN_IDENTITY[sdk=iphoneos*]" = "iPhone Developer";
				COPY_PHASE_STRIP = NO;
				DEBUG_INFORMATION_FORMAT = "dwarf-with-dsym";
				ENABLE_NS_ASSERTIONS = NO;
				ENABLE_STRICT_OBJC_MSGSEND = YES;
				GCC_C_LANGUAGE_STANDARD = gnu99;
				GCC_NO_COMMON_BLOCKS = YES;
				GCC_WARN_64_TO_32_BIT_CONVERSION = YES;
				GCC_WARN_ABOUT_RETURN_TYPE = YES_ERROR;
				GCC_WARN_UNDECLARED_SELECTOR = YES;
				GCC_WARN_UNINITIALIZED_AUTOS = YES_AGGRESSIVE;
				GCC_WARN_UNUSED_FUNCTION = YES;
				GCC_WARN_UNUSED_VARIABLE = YES;
				IPHONEOS_DEPLOYMENT_TARGET = 8.4;
				MTL_ENABLE_DEBUG_INFO = NO;
				SDKROOT = iphoneos;
				VALIDATE_PRODUCT = YES;
			};
			name = Release;
		};
		3D44AC871B661F0D009BCA22 /* Debug */ = {
			isa = XCBuildConfiguration;
			buildSettings = {
				ASSETCATALOG_COMPILER_APPICON_NAME = AppIcon;
				INFOPLIST_FILE = Psychologist/Info.plist;
				LD_RUNPATH_SEARCH_PATHS = "$(inherited) @executable_path/Frameworks";
				PRODUCT_NAME = "$(TARGET_NAME)";
				TARGETED_DEVICE_FAMILY = "1,2";
			};
			name = Debug;
		};
		3D44AC881B661F0D009BCA22 /* Release */ = {
			isa = XCBuildConfiguration;
			buildSettings = {
				ASSETCATALOG_COMPILER_APPICON_NAME = AppIcon;
				INFOPLIST_FILE = Psychologist/Info.plist;
				LD_RUNPATH_SEARCH_PATHS = "$(inherited) @executable_path/Frameworks";
				PRODUCT_NAME = "$(TARGET_NAME)";
				TARGETED_DEVICE_FAMILY = "1,2";
			};
			name = Release;
		};
		3D44AC8A1B661F0D009BCA22 /* Debug */ = {
			isa = XCBuildConfiguration;
			buildSettings = {
				BUNDLE_LOADER = "$(TEST_HOST)";
				FRAMEWORK_SEARCH_PATHS = (
					"$(SDKROOT)/Developer/Library/Frameworks",
					"$(inherited)",
				);
				GCC_PREPROCESSOR_DEFINITIONS = (
					"DEBUG=1",
					"$(inherited)",
				);
				INFOPLIST_FILE = PsychologistTests/Info.plist;
				LD_RUNPATH_SEARCH_PATHS = "$(inherited) @executable_path/Frameworks @loader_path/Frameworks";
				PRODUCT_NAME = "$(TARGET_NAME)";
				TEST_HOST = "$(BUILT_PRODUCTS_DIR)/Psychologist.app/Psychologist";
			};
			name = Debug;
		};
		3D44AC8B1B661F0D009BCA22 /* Release */ = {
			isa = XCBuildConfiguration;
			buildSettings = {
				BUNDLE_LOADER = "$(TEST_HOST)";
				FRAMEWORK_SEARCH_PATHS = (
					"$(SDKROOT)/Developer/Library/Frameworks",
					"$(inherited)",
				);
				INFOPLIST_FILE = PsychologistTests/Info.plist;
				LD_RUNPATH_SEARCH_PATHS = "$(inherited) @executable_path/Frameworks @loader_path/Frameworks";
				PRODUCT_NAME = "$(TARGET_NAME)";
				TEST_HOST = "$(BUILT_PRODUCTS_DIR)/Psychologist.app/Psychologist";
			};
			name = Release;
		};
/* End XCBuildConfiguration section */

/* Begin XCConfigurationList section */
		3D44AC621B661F0C009BCA22 /* Build configuration list for PBXProject "Psychologist" */ = {
			isa = XCConfigurationList;
			buildConfigurations = (
				3D44AC841B661F0D009BCA22 /* Debug */,
				3D44AC851B661F0D009BCA22 /* Release */,
			);
			defaultConfigurationIsVisible = 0;
			defaultConfigurationName = Release;
		};
		3D44AC861B661F0D009BCA22 /* Build configuration list for PBXNativeTarget "Psychologist" */ = {
			isa = XCConfigurationList;
			buildConfigurations = (
				3D44AC871B661F0D009BCA22 /* Debug */,
				3D44AC881B661F0D009BCA22 /* Release */,
			);
			defaultConfigurationIsVisible = 0;
			defaultConfigurationName = Release;
		};
		3D44AC891B661F0D009BCA22 /* Build configuration list for PBXNativeTarget "PsychologistTests" */ = {
			isa = XCConfigurationList;
			buildConfigurations = (
				3D44AC8A1B661F0D009BCA22 /* Debug */,
				3D44AC8B1B661F0D009BCA22 /* Release */,
			);
			defaultConfigurationIsVisible = 0;
			defaultConfigurationName = Release;
		};
/* End XCConfigurationList section */
	};
	rootObject = 3D44AC5F1B661F0C009BCA22 /* Project object */;
}
